%{
  "flow": {:hex, :flow, "1.1.0", "b569c1042cb2da97103f6d70a0267a5657dce1402f41b4020bef98bbef9c7c1e", [:mix], [{:gen_stage, "~> 1.0", [hex: :gen_stage, repo: "hexpm", optional: false]}], "hexpm", "066f42f7a1ea6a86cb4ef763310338981a5cfb93bcebce10863a23a4859fd785"},
  "gen_stage": {:hex, :gen_stage, "1.1.0", "dd0c0f8d2f3b993fdbd3d58e94abbe65380f4e78bdee3fa93d5618d7d14abe60", [:mix], [], "hexpm", "7f2b36a6d02f7ef2ba410733b540ec423af65ec9c99f3d1083da508aca3b9305"},
  "kino": {:hex, :kino, "0.3.0", "eef1db30d1d7b72fc0ad656d9f8d0fe62a8514f7baa83bcf7741fd5fa9a83087", [:mix], [{:ecto, "~> 3.0", [hex: :ecto, repo: "hexpm", optional: true]}, {:vega_lite, "~> 0.1.0", [hex: :vega_lite, repo: "hexpm", optional: true]}], "hexpm", "c875d23d4d05d1e8babb4f6ec66e6d8bbff131f95f840e5e0f25342be11e2712"},
  "nimble_csv": {:hex, :nimble_csv, "1.1.0", "b1dba4a86be9e03065c9de829050468e591f569100332db949e7ce71be0afc25", [:mix], [], "hexpm", "e986755bc302832cac429be6deda0fc9d82d3c82b47abefb68b3c17c9d949a3f"},
  "vega_lite": {:hex, :vega_lite, "0.1.0", "e55d0479f7088f817ad3ae087eb39195446a0df7f4eaa63078565b5a3a5fde24", [:mix], [], "hexpm", "4512f6841351b5b999c317dc1e47986422c873e64588404332efbbeda57f0573"},
}
